
Microsoft Visual Studio Solution File, Format Version 12.00
# Visual Studio Version 17
VisualStudioVersion = 17.1.31911.260
MinimumVisualStudioVersion = 10.0.40219.1
Project("{9A19103F-16F7-4668-BE54-9A1E7A4F7556}") = "Coast.Core", "Coast.Core\Coast.Core.csproj", "{BF7BB45E-0FB8-4987-9113-F861D5BB7D05}"
EndProject
Project("{9A19103F-16F7-4668-BE54-9A1E7A4F7556}") = "Coast.RabbitMQ", "Coast.RabbitMQ\Coast.RabbitMQ.csproj", "{509B0148-7C61-48CF-9009-7CEFF138208B}"
EndProject
Project("{FAE04EC0-301F-11D3-BF4B-00C04F79EFBC}") = "Coast.PostgreSql", "Coast.PostgreSql\Coast.PostgreSql.csproj", "{5A9B34EF-36B8-4BF3-ADA1-16D554493020}"
EndProject
Global
	GlobalSection(SolutionConfigurationPlatforms) = preSolution
		Debug|Any CPU = Debug|Any CPU
		Release|Any CPU = Release|Any CPU
	EndGlobalSection
	GlobalSection(ProjectConfigurationPlatforms) = postSolution
		{BF7BB45E-0FB8-4987-9113-F861D5BB7D05}.Debug|Any CPU.ActiveCfg = Debug|Any CPU
		{BF7BB45E-0FB8-4987-9113-F861D5BB7D05}.Debug|Any CPU.Build.0 = Debug|Any CPU
		{BF7BB45E-0FB8-4987-9113-F861D5BB7D05}.Release|Any CPU.ActiveCfg = Release|Any CPU
		{BF7BB45E-0FB8-4987-9113-F861D5BB7D05}.Release|Any CPU.Build.0 = Release|Any CPU
		{509B0148-7C61-48CF-9009-7CEFF138208B}.Debug|Any CPU.ActiveCfg = Debug|Any CPU
		{509B0148-7C61-48CF-9009-7CEFF138208B}.Debug|Any CPU.Build.0 = Debug|Any CPU
		{509B0148-7C61-48CF-9009-7CEFF138208B}.Release|Any CPU.ActiveCfg = Release|Any CPU
		{509B0148-7C61-48CF-9009-7CEFF138208B}.Release|Any CPU.Build.0 = Release|Any CPU
		{5A9B34EF-36B8-4BF3-ADA1-16D554493020}.Debug|Any CPU.ActiveCfg = Debug|Any CPU
		{5A9B34EF-36B8-4BF3-ADA1-16D554493020}.Debug|Any CPU.Build.0 = Debug|Any CPU
		{5A9B34EF-36B8-4BF3-ADA1-16D554493020}.Release|Any CPU.ActiveCfg = Release|Any CPU
		{5A9B34EF-36B8-4BF3-ADA1-16D554493020}.Release|Any CPU.Build.0 = Release|Any CPU
	EndGlobalSection
	GlobalSection(SolutionProperties) = preSolution
		HideSolutionNode = FALSE
	EndGlobalSection
	GlobalSection(ExtensibilityGlobals) = postSolution
		SolutionGuid = {007978E1-0F6A-4266-A3B8-31733C98F903}
	EndGlobalSection
EndGlobal
