
Microsoft Visual Studio Solution File, Format Version 12.00
# Visual Studio Version 17
VisualStudioVersion = 17.1.31911.260
MinimumVisualStudioVersion = 10.0.40219.1
Project("{9A19103F-16F7-4668-BE54-9A1E7A4F7556}") = "Coast.Core", "Coast.Core\Coast.Core.csproj", "{BF7BB45E-0FB8-4987-9113-F861D5BB7D05}"
EndProject
Project("{9A19103F-16F7-4668-BE54-9A1E7A4F7556}") = "Coast.PostgreSql", "Coast.PostgreSql\Coast.PostgreSql.csproj", "{5A9B34EF-36B8-4BF3-ADA1-16D554493020}"
EndProject
Project("{2150E333-8FDC-42A3-9474-1A3956D46DE8}") = "Demo", "Demo", "{396A9BE9-BCAF-4495-96D7-10EAC6B5E09C}"
EndProject
Project("{9A19103F-16F7-4668-BE54-9A1E7A4F7556}") = "Payment", "Demo\Payment\Payment.csproj", "{D25B055A-F9DF-4449-BD55-3F0ADE922547}"
EndProject
Project("{9A19103F-16F7-4668-BE54-9A1E7A4F7556}") = "Coast.RabbitMQ", "Coast.RabbitMQ\Coast.RabbitMQ.csproj", "{28F3717E-F6BD-4FF2-BC69-FC0A45B4E319}"
EndProject
Project("{2150E333-8FDC-42A3-9474-1A3956D46DE8}") = "Solution Items", "Solution Items", "{D6F3306F-A9E1-4D41-8482-E550AA388122}"
	ProjectSection(SolutionItems) = preProject
		.editorconfig = .editorconfig
	EndProjectSection
EndProject
Project("{2150E333-8FDC-42A3-9474-1A3956D46DE8}") = "Test", "Test", "{356B8F2C-586E-4280-9F3D-AC2208CFF22E}"
EndProject
Project("{9A19103F-16F7-4668-BE54-9A1E7A4F7556}") = "Coast.Core.Test", "Coast.Core.Test\Coast.Core.Test.csproj", "{2E167B4F-F360-4B96-AFB9-D4A5996805B8}"
EndProject
Project("{9A19103F-16F7-4668-BE54-9A1E7A4F7556}") = "SetupMigrations", "SetupMigrations\SetupMigrations.csproj", "{B2E45E6E-4432-4584-8325-9AA5DE8AFD50}"
EndProject
Project("{9A19103F-16F7-4668-BE54-9A1E7A4F7556}") = "Stock", "Demo\Stock\Stock.csproj", "{08CC507A-CDA2-4FE7-8125-A3FDEC4001BD}"
EndProject
Project("{9A19103F-16F7-4668-BE54-9A1E7A4F7556}") = "OrderManagement", "Demo\OrderManagement\OrderManagement.csproj", "{5400D530-2379-497D-A578-10B9D85F1A78}"
EndProject
Global
	GlobalSection(SolutionConfigurationPlatforms) = preSolution
		Debug|Any CPU = Debug|Any CPU
		Demo|Any CPU = Demo|Any CPU
		Release|Any CPU = Release|Any CPU
	EndGlobalSection
	GlobalSection(ProjectConfigurationPlatforms) = postSolution
		{BF7BB45E-0FB8-4987-9113-F861D5BB7D05}.Debug|Any CPU.ActiveCfg = Debug|Any CPU
		{BF7BB45E-0FB8-4987-9113-F861D5BB7D05}.Debug|Any CPU.Build.0 = Debug|Any CPU
		{BF7BB45E-0FB8-4987-9113-F861D5BB7D05}.Demo|Any CPU.ActiveCfg = Demo|Any CPU
		{BF7BB45E-0FB8-4987-9113-F861D5BB7D05}.Demo|Any CPU.Build.0 = Demo|Any CPU
		{BF7BB45E-0FB8-4987-9113-F861D5BB7D05}.Release|Any CPU.ActiveCfg = Release|Any CPU
		{BF7BB45E-0FB8-4987-9113-F861D5BB7D05}.Release|Any CPU.Build.0 = Release|Any CPU
		{5A9B34EF-36B8-4BF3-ADA1-16D554493020}.Debug|Any CPU.ActiveCfg = Debug|Any CPU
		{5A9B34EF-36B8-4BF3-ADA1-16D554493020}.Debug|Any CPU.Build.0 = Debug|Any CPU
		{5A9B34EF-36B8-4BF3-ADA1-16D554493020}.Demo|Any CPU.ActiveCfg = Demo|Any CPU
		{5A9B34EF-36B8-4BF3-ADA1-16D554493020}.Demo|Any CPU.Build.0 = Demo|Any CPU
		{5A9B34EF-36B8-4BF3-ADA1-16D554493020}.Release|Any CPU.ActiveCfg = Release|Any CPU
		{5A9B34EF-36B8-4BF3-ADA1-16D554493020}.Release|Any CPU.Build.0 = Release|Any CPU
		{D25B055A-F9DF-4449-BD55-3F0ADE922547}.Debug|Any CPU.ActiveCfg = Debug|Any CPU
		{D25B055A-F9DF-4449-BD55-3F0ADE922547}.Debug|Any CPU.Build.0 = Debug|Any CPU
		{D25B055A-F9DF-4449-BD55-3F0ADE922547}.Demo|Any CPU.ActiveCfg = Demo|Any CPU
		{D25B055A-F9DF-4449-BD55-3F0ADE922547}.Demo|Any CPU.Build.0 = Demo|Any CPU
		{D25B055A-F9DF-4449-BD55-3F0ADE922547}.Release|Any CPU.ActiveCfg = Release|Any CPU
		{D25B055A-F9DF-4449-BD55-3F0ADE922547}.Release|Any CPU.Build.0 = Release|Any CPU
		{28F3717E-F6BD-4FF2-BC69-FC0A45B4E319}.Debug|Any CPU.ActiveCfg = Debug|Any CPU
		{28F3717E-F6BD-4FF2-BC69-FC0A45B4E319}.Debug|Any CPU.Build.0 = Debug|Any CPU
		{28F3717E-F6BD-4FF2-BC69-FC0A45B4E319}.Demo|Any CPU.ActiveCfg = Demo|Any CPU
		{28F3717E-F6BD-4FF2-BC69-FC0A45B4E319}.Demo|Any CPU.Build.0 = Demo|Any CPU
		{28F3717E-F6BD-4FF2-BC69-FC0A45B4E319}.Release|Any CPU.ActiveCfg = Release|Any CPU
		{28F3717E-F6BD-4FF2-BC69-FC0A45B4E319}.Release|Any CPU.Build.0 = Release|Any CPU
		{2E167B4F-F360-4B96-AFB9-D4A5996805B8}.Debug|Any CPU.ActiveCfg = Debug|Any CPU
		{2E167B4F-F360-4B96-AFB9-D4A5996805B8}.Debug|Any CPU.Build.0 = Debug|Any CPU
		{2E167B4F-F360-4B96-AFB9-D4A5996805B8}.Demo|Any CPU.ActiveCfg = Demo|Any CPU
		{2E167B4F-F360-4B96-AFB9-D4A5996805B8}.Demo|Any CPU.Build.0 = Demo|Any CPU
		{2E167B4F-F360-4B96-AFB9-D4A5996805B8}.Release|Any CPU.ActiveCfg = Release|Any CPU
		{2E167B4F-F360-4B96-AFB9-D4A5996805B8}.Release|Any CPU.Build.0 = Release|Any CPU
		{B2E45E6E-4432-4584-8325-9AA5DE8AFD50}.Debug|Any CPU.ActiveCfg = Debug|Any CPU
		{B2E45E6E-4432-4584-8325-9AA5DE8AFD50}.Debug|Any CPU.Build.0 = Debug|Any CPU
		{B2E45E6E-4432-4584-8325-9AA5DE8AFD50}.Demo|Any CPU.ActiveCfg = Demo|Any CPU
		{B2E45E6E-4432-4584-8325-9AA5DE8AFD50}.Demo|Any CPU.Build.0 = Demo|Any CPU
		{B2E45E6E-4432-4584-8325-9AA5DE8AFD50}.Release|Any CPU.ActiveCfg = Release|Any CPU
		{B2E45E6E-4432-4584-8325-9AA5DE8AFD50}.Release|Any CPU.Build.0 = Release|Any CPU
		{08CC507A-CDA2-4FE7-8125-A3FDEC4001BD}.Debug|Any CPU.ActiveCfg = Debug|Any CPU
		{08CC507A-CDA2-4FE7-8125-A3FDEC4001BD}.Debug|Any CPU.Build.0 = Debug|Any CPU
		{08CC507A-CDA2-4FE7-8125-A3FDEC4001BD}.Demo|Any CPU.ActiveCfg = Demo|Any CPU
		{08CC507A-CDA2-4FE7-8125-A3FDEC4001BD}.Demo|Any CPU.Build.0 = Demo|Any CPU
		{08CC507A-CDA2-4FE7-8125-A3FDEC4001BD}.Release|Any CPU.ActiveCfg = Release|Any CPU
		{08CC507A-CDA2-4FE7-8125-A3FDEC4001BD}.Release|Any CPU.Build.0 = Release|Any CPU
		{5400D530-2379-497D-A578-10B9D85F1A78}.Debug|Any CPU.ActiveCfg = Debug|Any CPU
		{5400D530-2379-497D-A578-10B9D85F1A78}.Debug|Any CPU.Build.0 = Debug|Any CPU
		{5400D530-2379-497D-A578-10B9D85F1A78}.Demo|Any CPU.ActiveCfg = Demo|Any CPU
		{5400D530-2379-497D-A578-10B9D85F1A78}.Demo|Any CPU.Build.0 = Demo|Any CPU
		{5400D530-2379-497D-A578-10B9D85F1A78}.Release|Any CPU.ActiveCfg = Release|Any CPU
		{5400D530-2379-497D-A578-10B9D85F1A78}.Release|Any CPU.Build.0 = Release|Any CPU
	EndGlobalSection
	GlobalSection(SolutionProperties) = preSolution
		HideSolutionNode = FALSE
	EndGlobalSection
	GlobalSection(NestedProjects) = preSolution
		{D25B055A-F9DF-4449-BD55-3F0ADE922547} = {396A9BE9-BCAF-4495-96D7-10EAC6B5E09C}
		{2E167B4F-F360-4B96-AFB9-D4A5996805B8} = {356B8F2C-586E-4280-9F3D-AC2208CFF22E}
		{08CC507A-CDA2-4FE7-8125-A3FDEC4001BD} = {396A9BE9-BCAF-4495-96D7-10EAC6B5E09C}
		{5400D530-2379-497D-A578-10B9D85F1A78} = {396A9BE9-BCAF-4495-96D7-10EAC6B5E09C}
	EndGlobalSection
	GlobalSection(ExtensibilityGlobals) = postSolution
		SolutionGuid = {007978E1-0F6A-4266-A3B8-31733C98F903}
	EndGlobalSection
EndGlobal
